
Microsoft Visual Studio Solution File, Format Version 12.00
# Visual Studio Version 16
VisualStudioVersion = 16.0.35229.62
MinimumVisualStudioVersion = 10.0.40219.1
Project("{FAE04EC0-301F-11D3-BF4B-00C04F79EFBC}") = "Shree_Mobile_Shopee_App", "Shree_Mobile_Shopee_App.csproj", "{21BAFE04-A554-499E-AC8C-9AE1E16BBA92}"
EndProject
Global
	GlobalSection(SolutionConfigurationPlatforms) = preSolution
		Debug|Any CPU = Debug|Any CPU
		Release|Any CPU = Release|Any CPU
	EndGlobalSection
	GlobalSection(ProjectConfigurationPlatforms) = postSolution
		{21BAFE04-A554-499E-AC8C-9AE1E16BBA92}.Debug|Any CPU.ActiveCfg = Debug|Any CPU
		{21BAFE04-A554-499E-AC8C-9AE1E16BBA92}.Debug|Any CPU.Build.0 = Debug|Any CPU
		{21BAFE04-A554-499E-AC8C-9AE1E16BBA92}.Release|Any CPU.ActiveCfg = Release|Any CPU
		{21BAFE04-A554-499E-AC8C-9AE1E16BBA92}.Release|Any CPU.Build.0 = Release|Any CPU
	EndGlobalSection
	GlobalSection(SolutionProperties) = preSolution
		HideSolutionNode = FALSE
	EndGlobalSection
	GlobalSection(ExtensibilityGlobals) = postSolution
		SolutionGuid = {F9B1A41E-4522-467A-A735-3FA7787D928B}
	EndGlobalSection
EndGlobal
